// !$*UTF8*$!
{
	archiveVersion = 1;
	classes = {
	};
	objectVersion = 50;
	objects = {

/* Begin PBXBuildFile section */
		AC6DBA3226CC03BE00DA514A /* AppDelegate.swift in Sources */ = {isa = PBXBuildFile; fileRef = AC6DBA3126CC03BE00DA514A /* AppDelegate.swift */; };
		AC6DBA3626CC03BE00DA514A /* MainViewController.swift in Sources */ = {isa = PBXBuildFile; fileRef = AC6DBA3526CC03BE00DA514A /* MainViewController.swift */; };
		AC6DBA3926CC03BE00DA514A /* Main.storyboard in Resources */ = {isa = PBXBuildFile; fileRef = AC6DBA3726CC03BE00DA514A /* Main.storyboard */; };
		AC6DBA3B26CC03C500DA514A /* Assets.xcassets in Resources */ = {isa = PBXBuildFile; fileRef = AC6DBA3A26CC03C500DA514A /* Assets.xcassets */; };
		AC6DBA3E26CC03C500DA514A /* LaunchScreen.storyboard in Resources */ = {isa = PBXBuildFile; fileRef = AC6DBA3C26CC03C500DA514A /* LaunchScreen.storyboard */; };
		AC6DBA4926CC087E00DA514A /* MainTableViewCell.swift in Sources */ = {isa = PBXBuildFile; fileRef = AC6DBA4826CC087E00DA514A /* MainTableViewCell.swift */; };
		AC6DBA4C26CC092500DA514A /* MainTableViewCellModel.swift in Sources */ = {isa = PBXBuildFile; fileRef = AC6DBA4B26CC092500DA514A /* MainTableViewCellModel.swift */; };
		ACE2DE2C26CC16DB008F11D7 /* MainViewModel.swift in Sources */ = {isa = PBXBuildFile; fileRef = ACE2DE2B26CC16DB008F11D7 /* MainViewModel.swift */; };
		ACE2DE2F26CC173F008F11D7 /* DataModel.swift in Sources */ = {isa = PBXBuildFile; fileRef = ACE2DE2E26CC173F008F11D7 /* DataModel.swift */; };
		ACE2DE3226CC175F008F11D7 /* MainService.swift in Sources */ = {isa = PBXBuildFile; fileRef = ACE2DE3126CC175F008F11D7 /* MainService.swift */; };
/* End PBXBuildFile section */

/* Begin PBXFileReference section */
		AC6DBA2E26CC03BE00DA514A /* MVVMSampleApp.app */ = {isa = PBXFileReference; explicitFileType = wrapper.application; includeInIndex = 0; path = MVVMSampleApp.app; sourceTree = BUILT_PRODUCTS_DIR; };
		AC6DBA3126CC03BE00DA514A /* AppDelegate.swift */ = {isa = PBXFileReference; lastKnownFileType = sourcecode.swift; path = AppDelegate.swift; sourceTree = "<group>"; };
		AC6DBA3326CC03BE00DA514A /* SceneDelegate.swift */ = {isa = PBXFileReference; lastKnownFileType = sourcecode.swift; path = SceneDelegate.swift; sourceTree = "<group>"; };
		AC6DBA3526CC03BE00DA514A /* MainViewController.swift */ = {isa = PBXFileReference; lastKnownFileType = sourcecode.swift; path = MainViewController.swift; sourceTree = "<group>"; };
		AC6DBA3826CC03BE00DA514A /* Base */ = {isa = PBXFileReference; lastKnownFileType = file.storyboard; name = Base; path = Base.lproj/Main.storyboard; sourceTree = "<group>"; };
		AC6DBA3A26CC03C500DA514A /* Assets.xcassets */ = {isa = PBXFileReference; lastKnownFileType = folder.assetcatalog; path = Assets.xcassets; sourceTree = "<group>"; };
		AC6DBA3D26CC03C500DA514A /* Base */ = {isa = PBXFileReference; lastKnownFileType = file.storyboard; name = Base; path = Base.lproj/LaunchScreen.storyboard; sourceTree = "<group>"; };
		AC6DBA3F26CC03C500DA514A /* Info.plist */ = {isa = PBXFileReference; lastKnownFileType = text.plist.xml; path = Info.plist; sourceTree = "<group>"; };
		AC6DBA4826CC087E00DA514A /* MainTableViewCell.swift */ = {isa = PBXFileReference; lastKnownFileType = sourcecode.swift; path = MainTableViewCell.swift; sourceTree = "<group>"; };
		AC6DBA4B26CC092500DA514A /* MainTableViewCellModel.swift */ = {isa = PBXFileReference; lastKnownFileType = sourcecode.swift; path = MainTableViewCellModel.swift; sourceTree = "<group>"; };
		ACE2DE2B26CC16DB008F11D7 /* MainViewModel.swift */ = {isa = PBXFileReference; lastKnownFileType = sourcecode.swift; path = MainViewModel.swift; sourceTree = "<group>"; };
		ACE2DE2E26CC173F008F11D7 /* DataModel.swift */ = {isa = PBXFileReference; lastKnownFileType = sourcecode.swift; path = DataModel.swift; sourceTree = "<group>"; };
		ACE2DE3126CC175F008F11D7 /* MainService.swift */ = {isa = PBXFileReference; lastKnownFileType = sourcecode.swift; path = MainService.swift; sourceTree = "<group>"; };
/* End PBXFileReference section */

/* Begin PBXFrameworksBuildPhase section */
		AC6DBA2B26CC03BE00DA514A /* Frameworks */ = {
			isa = PBXFrameworksBuildPhase;
			buildActionMask = 2147483647;
			files = (
			);
			runOnlyForDeploymentPostprocessing = 0;
		};
/* End PBXFrameworksBuildPhase section */

/* Begin PBXGroup section */
		AC6DBA2526CC03BE00DA514A = {
			isa = PBXGroup;
			children = (
				AC6DBA3026CC03BE00DA514A /* MVVMSampleApp */,
				AC6DBA2F26CC03BE00DA514A /* Products */,
			);
			sourceTree = "<group>";
		};
		AC6DBA2F26CC03BE00DA514A /* Products */ = {
			isa = PBXGroup;
			children = (
				AC6DBA2E26CC03BE00DA514A /* MVVMSampleApp.app */,
			);
			name = Products;
			sourceTree = "<group>";
		};
		AC6DBA3026CC03BE00DA514A /* MVVMSampleApp */ = {
			isa = PBXGroup;
			children = (
				AC6DBA3126CC03BE00DA514A /* AppDelegate.swift */,
				AC6DBA3326CC03BE00DA514A /* SceneDelegate.swift */,
				AC6DBA3526CC03BE00DA514A /* MainViewController.swift */,
				ACE2DE2B26CC16DB008F11D7 /* MainViewModel.swift */,
				ACE2DE3126CC175F008F11D7 /* MainService.swift */,
				ACE2DE2E26CC173F008F11D7 /* DataModel.swift */,
				AC6DBA4826CC087E00DA514A /* MainTableViewCell.swift */,
				AC6DBA4B26CC092500DA514A /* MainTableViewCellModel.swift */,
				AC6DBA3726CC03BE00DA514A /* Main.storyboard */,
				AC6DBA3A26CC03C500DA514A /* Assets.xcassets */,
				AC6DBA3C26CC03C500DA514A /* LaunchScreen.storyboard */,
				AC6DBA3F26CC03C500DA514A /* Info.plist */,
			);
			path = MVVMSampleApp;
			sourceTree = "<group>";
		};
/* End PBXGroup section */

/* Begin PBXNativeTarget section */
		AC6DBA2D26CC03BE00DA514A /* MVVMSampleApp */ = {
			isa = PBXNativeTarget;
			buildConfigurationList = AC6DBA4226CC03C500DA514A /* Build configuration list for PBXNativeTarget "MVVMSampleApp" */;
			buildPhases = (
				AC6DBA2A26CC03BE00DA514A /* Sources */,
				AC6DBA2B26CC03BE00DA514A /* Frameworks */,
				AC6DBA2C26CC03BE00DA514A /* Resources */,
			);
			buildRules = (
			);
			dependencies = (
			);
			name = MVVMSampleApp;
			productName = MVVMSampleApp;
			productReference = AC6DBA2E26CC03BE00DA514A /* MVVMSampleApp.app */;
			productType = "com.apple.product-type.application";
		};
/* End PBXNativeTarget section */

/* Begin PBXProject section */
		AC6DBA2626CC03BE00DA514A /* Project object */ = {
			isa = PBXProject;
			attributes = {
				LastSwiftUpdateCheck = 1230;
				LastUpgradeCheck = 1230;
				TargetAttributes = {
					AC6DBA2D26CC03BE00DA514A = {
						CreatedOnToolsVersion = 12.3;
					};
				};
			};
			buildConfigurationList = AC6DBA2926CC03BE00DA514A /* Build configuration list for PBXProject "MVVMSampleApp" */;
			compatibilityVersion = "Xcode 9.3";
			developmentRegion = en;
			hasScannedForEncodings = 0;
			knownRegions = (
				en,
				Base,
			);
			mainGroup = AC6DBA2526CC03BE00DA514A;
			productRefGroup = AC6DBA2F26CC03BE00DA514A /* Products */;
			projectDirPath = "";
			projectRoot = "";
			targets = (
				AC6DBA2D26CC03BE00DA514A /* MVVMSampleApp */,
			);
		};
/* End PBXProject section */

/* Begin PBXResourcesBuildPhase section */
		AC6DBA2C26CC03BE00DA514A /* Resources */ = {
			isa = PBXResourcesBuildPhase;
			buildActionMask = 2147483647;
			files = (
				AC6DBA3E26CC03C500DA514A /* LaunchScreen.storyboard in Resources */,
				AC6DBA3B26CC03C500DA514A /* Assets.xcassets in Resources */,
				AC6DBA3926CC03BE00DA514A /* Main.storyboard in Resources */,
			);
			runOnlyForDeploymentPostprocessing = 0;
		};
/* End PBXResourcesBuildPhase section */

/* Begin PBXSourcesBuildPhase section */
		AC6DBA2A26CC03BE00DA514A /* Sources */ = {
			isa = PBXSourcesBuildPhase;
			buildActionMask = 2147483647;
			files = (
				ACE2DE2F26CC173F008F11D7 /* DataModel.swift in Sources */,
				AC6DBA3626CC03BE00DA514A /* MainViewController.swift in Sources */,
				ACE2DE3226CC175F008F11D7 /* MainService.swift in Sources */,
				AC6DBA4C26CC092500DA514A /* MainTableViewCellModel.swift in Sources */,
				AC6DBA3226CC03BE00DA514A /* AppDelegate.swift in Sources */,
				AC6DBA4926CC087E00DA514A /* MainTableViewCell.swift in Sources */,
				ACE2DE2C26CC16DB008F11D7 /* MainViewModel.swift in Sources */,
			);
			runOnlyForDeploymentPostprocessing = 0;
		};
/* End PBXSourcesBuildPhase section */

/* Begin PBXVariantGroup section */
		AC6DBA3726CC03BE00DA514A /* Main.storyboard */ = {
			isa = PBXVariantGroup;
			children = (
				AC6DBA3826CC03BE00DA514A /* Base */,
			);
			name = Main.storyboard;
			sourceTree = "<group>";
		};
		AC6DBA3C26CC03C500DA514A /* LaunchScreen.storyboard */ = {
			isa = PBXVariantGroup;
			children = (
				AC6DBA3D26CC03C500DA514A /* Base */,
			);
			name = LaunchScreen.storyboard;
			sourceTree = "<group>";
		};
/* End PBXVariantGroup section */

/* Begin XCBuildConfiguration section */
		AC6DBA4026CC03C500DA514A /* Debug */ = {
			isa = XCBuildConfiguration;
			buildSettings = {
				ALWAYS_SEARCH_USER_PATHS = NO;
				CLANG_ANALYZER_NONNULL = YES;
				CLANG_ANALYZER_NUMBER_OBJECT_CONVERSION = YES_AGGRESSIVE;
				CLANG_CXX_LANGUAGE_STANDARD = "gnu++14";
				CLANG_CXX_LIBRARY = "libc++";
				CLANG_ENABLE_MODULES = YES;
				CLANG_ENABLE_OBJC_ARC = YES;
				CLANG_ENABLE_OBJC_WEAK = YES;
				CLANG_WARN_BLOCK_CAPTURE_AUTORELEASING = YES;
				CLANG_WARN_BOOL_CONVERSION = YES;
				CLANG_WARN_COMMA = YES;
				CLANG_WARN_CONSTANT_CONVERSION = YES;
				CLANG_WARN_DEPRECATED_OBJC_IMPLEMENTATIONS = YES;
				CLANG_WARN_DIRECT_OBJC_ISA_USAGE = YES_ERROR;
				CLANG_WARN_DOCUMENTATION_COMMENTS = YES;
				CLANG_WARN_EMPTY_BODY = YES;
				CLANG_WARN_ENUM_CONVERSION = YES;
				CLANG_WARN_INFINITE_RECURSION = YES;
				CLANG_WARN_INT_CONVERSION = YES;
				CLANG_WARN_NON_LITERAL_NULL_CONVERSION = YES;
				CLANG_WARN_OBJC_IMPLICIT_RETAIN_SELF = YES;
				CLANG_WARN_OBJC_LITERAL_CONVERSION = YES;
				CLANG_WARN_OBJC_ROOT_CLASS = YES_ERROR;
				CLANG_WARN_QUOTED_INCLUDE_IN_FRAMEWORK_HEADER = YES;
				CLANG_WARN_RANGE_LOOP_ANALYSIS = YES;
				CLANG_WARN_STRICT_PROTOTYPES = YES;
				CLANG_WARN_SUSPICIOUS_MOVE = YES;
				CLANG_WARN_UNGUARDED_AVAILABILITY = YES_AGGRESSIVE;
				CLANG_WARN_UNREACHABLE_CODE = YES;
				CLANG_WARN__DUPLICATE_METHOD_MATCH = YES;
				COPY_PHASE_STRIP = NO;
				DEBUG_INFORMATION_FORMAT = dwarf;
				ENABLE_STRICT_OBJC_MSGSEND = YES;
				ENABLE_TESTABILITY = YES;
				GCC_C_LANGUAGE_STANDARD = gnu11;
				GCC_DYNAMIC_NO_PIC = NO;
				GCC_NO_COMMON_BLOCKS = YES;
				GCC_OPTIMIZATION_LEVEL = 0;
				GCC_PREPROCESSOR_DEFINITIONS = (
					"DEBUG=1",
					"$(inherited)",
				);
				GCC_WARN_64_TO_32_BIT_CONVERSION = YES;
				GCC_WARN_ABOUT_RETURN_TYPE = YES_ERROR;
				GCC_WARN_UNDECLARED_SELECTOR = YES;
				GCC_WARN_UNINITIALIZED_AUTOS = YES_AGGRESSIVE;
				GCC_WARN_UNUSED_FUNCTION = YES;
				GCC_WARN_UNUSED_VARIABLE = YES;
				IPHONEOS_DEPLOYMENT_TARGET = 13.0;
				MTL_ENABLE_DEBUG_INFO = INCLUDE_SOURCE;
				MTL_FAST_MATH = YES;
				ONLY_ACTIVE_ARCH = YES;
				SDKROOT = iphoneos;
				SWIFT_ACTIVE_COMPILATION_CONDITIONS = DEBUG;
				SWIFT_OPTIMIZATION_LEVEL = "-Onone";
			};
			name = Debug;
		};
		AC6DBA4126CC03C500DA514A /* Release */ = {
			isa = XCBuildConfiguration;
			buildSettings = {
				ALWAYS_SEARCH_USER_PATHS = NO;
				CLANG_ANALYZER_NONNULL = YES;
				CLANG_ANALYZER_NUMBER_OBJECT_CONVERSION = YES_AGGRESSIVE;
				CLANG_CXX_LANGUAGE_STANDARD = "gnu++14";
				CLANG_CXX_LIBRARY = "libc++";
				CLANG_ENABLE_MODULES = YES;
				CLANG_ENABLE_OBJC_ARC = YES;
				CLANG_ENABLE_OBJC_WEAK = YES;
				CLANG_WARN_BLOCK_CAPTURE_AUTORELEASING = YES;
				CLANG_WARN_BOOL_CONVERSION = YES;
				CLANG_WARN_COMMA = YES;
				CLANG_WARN_CONSTANT_CONVERSION = YES;
				CLANG_WARN_DEPRECATED_OBJC_IMPLEMENTATIONS = YES;
				CLANG_WARN_DIRECT_OBJC_ISA_USAGE = YES_ERROR;
				CLANG_WARN_DOCUMENTATION_COMMENTS = YES;
				CLANG_WARN_EMPTY_BODY = YES;
				CLANG_WARN_ENUM_CONVERSION = YES;
				CLANG_WARN_INFINITE_RECURSION = YES;
				CLANG_WARN_INT_CONVERSION = YES;
				CLANG_WARN_NON_LITERAL_NULL_CONVERSION = YES;
				CLANG_WARN_OBJC_IMPLICIT_RETAIN_SELF = YES;
				CLANG_WARN_OBJC_LITERAL_CONVERSION = YES;
				CLANG_WARN_OBJC_ROOT_CLASS = YES_ERROR;
				CLANG_WARN_QUOTED_INCLUDE_IN_FRAMEWORK_HEADER = YES;
				CLANG_WARN_RANGE_LOOP_ANALYSIS = YES;
				CLANG_WARN_STRICT_PROTOTYPES = YES;
				CLANG_WARN_SUSPICIOUS_MOVE = YES;
				CLANG_WARN_UNGUARDED_AVAILABILITY = YES_AGGRESSIVE;
				CLANG_WARN_UNREACHABLE_CODE = YES;
				CLANG_WARN__DUPLICATE_METHOD_MATCH = YES;
				COPY_PHASE_STRIP = NO;
				DEBUG_INFORMATION_FORMAT = "dwarf-with-dsym";
				ENABLE_NS_ASSERTIONS = NO;
				ENABLE_STRICT_OBJC_MSGSEND = YES;
				GCC_C_LANGUAGE_STANDARD = gnu11;
				GCC_NO_COMMON_BLOCKS = YES;
				GCC_WARN_64_TO_32_BIT_CONVERSION = YES;
				GCC_WARN_ABOUT_RETURN_TYPE = YES_ERROR;
				GCC_WARN_UNDECLARED_SELECTOR = YES;
				GCC_WARN_UNINITIALIZED_AUTOS = YES_AGGRESSIVE;
				GCC_WARN_UNUSED_FUNCTION = YES;
				GCC_WARN_UNUSED_VARIABLE = YES;
				IPHONEOS_DEPLOYMENT_TARGET = 13.0;
				MTL_ENABLE_DEBUG_INFO = NO;
				MTL_FAST_MATH = YES;
				SDKROOT = iphoneos;
				SWIFT_COMPILATION_MODE = wholemodule;
				SWIFT_OPTIMIZATION_LEVEL = "-O";
				VALIDATE_PRODUCT = YES;
			};
			name = Release;
		};
		AC6DBA4326CC03C500DA514A /* Debug */ = {
			isa = XCBuildConfiguration;
			buildSettings = {
				ASSETCATALOG_COMPILER_APPICON_NAME = AppIcon;
				ASSETCATALOG_COMPILER_GLOBAL_ACCENT_COLOR_NAME = AccentColor;
				CODE_SIGN_STYLE = Automatic;
				DEVELOPMENT_TEAM = KJSUL68A86;
				INFOPLIST_FILE = MVVMSampleApp/Info.plist;
				IPHONEOS_DEPLOYMENT_TARGET = 13.0;
				LD_RUNPATH_SEARCH_PATHS = (
					"$(inherited)",
					"@executable_path/Frameworks",
				);
				PRODUCT_BUNDLE_IDENTIFIER = com.arieperetz.MVVMSampleApp;
				PRODUCT_NAME = "$(TARGET_NAME)";
				SWIFT_VERSION = 5.0;
				TARGETED_DEVICE_FAMILY = 1;
			};
			name = Debug;
		};
		AC6DBA4426CC03C500DA514A /* Release */ = {
			isa = XCBuildConfiguration;
			buildSettings = {
				ASSETCATALOG_COMPILER_APPICON_NAME = AppIcon;
				ASSETCATALOG_COMPILER_GLOBAL_ACCENT_COLOR_NAME = AccentColor;
				CODE_SIGN_STYLE = Automatic;
				DEVELOPMENT_TEAM = KJSUL68A86;
				INFOPLIST_FILE = MVVMSampleApp/Info.plist;
				IPHONEOS_DEPLOYMENT_TARGET = 13.0;
				LD_RUNPATH_SEARCH_PATHS = (
					"$(inherited)",
					"@executable_path/Frameworks",
				);
				PRODUCT_BUNDLE_IDENTIFIER = com.arieperetz.MVVMSampleApp;
				PRODUCT_NAME = "$(TARGET_NAME)";
				SWIFT_VERSION = 5.0;
				TARGETED_DEVICE_FAMILY = 1;
			};
			name = Release;
		};
/* End XCBuildConfiguration section */

/* Begin XCConfigurationList section */
		AC6DBA2926CC03BE00DA514A /* Build configuration list for PBXProject "MVVMSampleApp" */ = {
			isa = XCConfigurationList;
			buildConfigurations = (
				AC6DBA4026CC03C500DA514A /* Debug */,
				AC6DBA4126CC03C500DA514A /* Release */,
			);
			defaultConfigurationIsVisible = 0;
			defaultConfigurationName = Release;
		};
		AC6DBA4226CC03C500DA514A /* Build configuration list for PBXNativeTarget "MVVMSampleApp" */ = {
			isa = XCConfigurationList;
			buildConfigurations = (
				AC6DBA4326CC03C500DA514A /* Debug */,
				AC6DBA4426CC03C500DA514A /* Release */,
			);
			defaultConfigurationIsVisible = 0;
			defaultConfigurationName = Release;
		};
/* End XCConfigurationList section */
	};
	rootObject = AC6DBA2626CC03BE00DA514A /* Project object */;
}
